
Microsoft Visual Studio Solution File, Format Version 12.00
# Visual Studio Version 17
VisualStudioVersion = 17.4.33213.308
MinimumVisualStudioVersion = 10.0.40219.1
Project("{FAE04EC0-301F-11D3-BF4B-00C04F79EFBC}") = "Final_task", "Final_task\Final_task.csproj", "{12A27977-A24A-420F-9CB2-BB86396FED11}"
EndProject
Global
	GlobalSection(SolutionConfigurationPlatforms) = preSolution
		Debug|Any CPU = Debug|Any CPU
		Release|Any CPU = Release|Any CPU
	EndGlobalSection
	GlobalSection(ProjectConfigurationPlatforms) = postSolution
		{12A27977-A24A-420F-9CB2-BB86396FED11}.Debug|Any CPU.ActiveCfg = Debug|Any CPU
		{12A27977-A24A-420F-9CB2-BB86396FED11}.Debug|Any CPU.Build.0 = Debug|Any CPU
		{12A27977-A24A-420F-9CB2-BB86396FED11}.Release|Any CPU.ActiveCfg = Release|Any CPU
		{12A27977-A24A-420F-9CB2-BB86396FED11}.Release|Any CPU.Build.0 = Release|Any CPU
	EndGlobalSection
	GlobalSection(SolutionProperties) = preSolution
		HideSolutionNode = FALSE
	EndGlobalSection
	GlobalSection(ExtensibilityGlobals) = postSolution
		SolutionGuid = {CAF84C80-2111-4DF4-9824-C10AD68AA18D}
	EndGlobalSection
EndGlobal
